
Microsoft Visual Studio Solution File, Format Version 12.00
# Visual Studio 15
VisualStudioVersion = 15.0.26430.16
MinimumVisualStudioVersion = 10.0.40219.1
Project("{FAE04EC0-301F-11D3-BF4B-00C04F79EFBC}") = "XSampleImage.Android", "XSampleImage\XSampleImage.Android\XSampleImage.Android.csproj", "{06CDE5A5-356D-462A-A059-0B64800998DE}"
EndProject
Project("{FAE04EC0-301F-11D3-BF4B-00C04F79EFBC}") = "XSampleImage", "XSampleImage\XSampleImage\XSampleImage.csproj", "{99BE792A-2AA9-4259-8839-94BCBCFCD3CA}"
EndProject
Project("{FAE04EC0-301F-11D3-BF4B-00C04F79EFBC}") = "XSampleImage.UWP", "XSampleImage\XSampleImage.UWP\XSampleImage.UWP.csproj", "{EB4138D2-0D8B-4289-9EF8-67A9567CDAD3}"
EndProject
Project("{FAE04EC0-301F-11D3-BF4B-00C04F79EFBC}") = "XSampleImage.iOS", "XSampleImage\XSampleImage.iOS\XSampleImage.iOS.csproj", "{28D39EC7-1400-4A72-80EE-FCCD04F42C80}"
EndProject
Global
	GlobalSection(SolutionConfigurationPlatforms) = preSolution
		Ad-Hoc|Any CPU = Ad-Hoc|Any CPU
		Ad-Hoc|ARM = Ad-Hoc|ARM
		Ad-Hoc|iPhone = Ad-Hoc|iPhone
		Ad-Hoc|iPhoneSimulator = Ad-Hoc|iPhoneSimulator
		Ad-Hoc|x64 = Ad-Hoc|x64
		Ad-Hoc|x86 = Ad-Hoc|x86
		AppStore|Any CPU = AppStore|Any CPU
		AppStore|ARM = AppStore|ARM
		AppStore|iPhone = AppStore|iPhone
		AppStore|iPhoneSimulator = AppStore|iPhoneSimulator
		AppStore|x64 = AppStore|x64
		AppStore|x86 = AppStore|x86
		Debug|Any CPU = Debug|Any CPU
		Debug|ARM = Debug|ARM
		Debug|iPhone = Debug|iPhone
		Debug|iPhoneSimulator = Debug|iPhoneSimulator
		Debug|x64 = Debug|x64
		Debug|x86 = Debug|x86
		Release|Any CPU = Release|Any CPU
		Release|ARM = Release|ARM
		Release|iPhone = Release|iPhone
		Release|iPhoneSimulator = Release|iPhoneSimulator
		Release|x64 = Release|x64
		Release|x86 = Release|x86
	EndGlobalSection
	GlobalSection(ProjectConfigurationPlatforms) = postSolution
		{06CDE5A5-356D-462A-A059-0B64800998DE}.Ad-Hoc|Any CPU.ActiveCfg = Release|Any CPU
		{06CDE5A5-356D-462A-A059-0B64800998DE}.Ad-Hoc|Any CPU.Build.0 = Release|Any CPU
		{06CDE5A5-356D-462A-A059-0B64800998DE}.Ad-Hoc|Any CPU.Deploy.0 = Release|Any CPU
		{06CDE5A5-356D-462A-A059-0B64800998DE}.Ad-Hoc|ARM.ActiveCfg = Release|Any CPU
		{06CDE5A5-356D-462A-A059-0B64800998DE}.Ad-Hoc|ARM.Build.0 = Release|Any CPU
		{06CDE5A5-356D-462A-A059-0B64800998DE}.Ad-Hoc|ARM.Deploy.0 = Release|Any CPU
		{06CDE5A5-356D-462A-A059-0B64800998DE}.Ad-Hoc|iPhone.ActiveCfg = Release|Any CPU
		{06CDE5A5-356D-462A-A059-0B64800998DE}.Ad-Hoc|iPhone.Build.0 = Release|Any CPU
		{06CDE5A5-356D-462A-A059-0B64800998DE}.Ad-Hoc|iPhone.Deploy.0 = Release|Any CPU
		{06CDE5A5-356D-462A-A059-0B64800998DE}.Ad-Hoc|iPhoneSimulator.ActiveCfg = Release|Any CPU
		{06CDE5A5-356D-462A-A059-0B64800998DE}.Ad-Hoc|iPhoneSimulator.Build.0 = Release|Any CPU
		{06CDE5A5-356D-462A-A059-0B64800998DE}.Ad-Hoc|iPhoneSimulator.Deploy.0 = Release|Any CPU
		{06CDE5A5-356D-462A-A059-0B64800998DE}.Ad-Hoc|x64.ActiveCfg = Release|Any CPU
		{06CDE5A5-356D-462A-A059-0B64800998DE}.Ad-Hoc|x64.Build.0 = Release|Any CPU
		{06CDE5A5-356D-462A-A059-0B64800998DE}.Ad-Hoc|x64.Deploy.0 = Release|Any CPU
		{06CDE5A5-356D-462A-A059-0B64800998DE}.Ad-Hoc|x86.ActiveCfg = Release|Any CPU
		{06CDE5A5-356D-462A-A059-0B64800998DE}.Ad-Hoc|x86.Build.0 = Release|Any CPU
		{06CDE5A5-356D-462A-A059-0B64800998DE}.Ad-Hoc|x86.Deploy.0 = Release|Any CPU
		{06CDE5A5-356D-462A-A059-0B64800998DE}.AppStore|Any CPU.ActiveCfg = Release|Any CPU
		{06CDE5A5-356D-462A-A059-0B64800998DE}.AppStore|Any CPU.Build.0 = Release|Any CPU
		{06CDE5A5-356D-462A-A059-0B64800998DE}.AppStore|Any CPU.Deploy.0 = Release|Any CPU
		{06CDE5A5-356D-462A-A059-0B64800998DE}.AppStore|ARM.ActiveCfg = Release|Any CPU
		{06CDE5A5-356D-462A-A059-0B64800998DE}.AppStore|ARM.Build.0 = Release|Any CPU
		{06CDE5A5-356D-462A-A059-0B64800998DE}.AppStore|ARM.Deploy.0 = Release|Any CPU
		{06CDE5A5-356D-462A-A059-0B64800998DE}.AppStore|iPhone.ActiveCfg = Release|Any CPU
		{06CDE5A5-356D-462A-A059-0B64800998DE}.AppStore|iPhone.Build.0 = Release|Any CPU
		{06CDE5A5-356D-462A-A059-0B64800998DE}.AppStore|iPhone.Deploy.0 = Release|Any CPU
		{06CDE5A5-356D-462A-A059-0B64800998DE}.AppStore|iPhoneSimulator.ActiveCfg = Release|Any CPU
		{06CDE5A5-356D-462A-A059-0B64800998DE}.AppStore|iPhoneSimulator.Build.0 = Release|Any CPU
		{06CDE5A5-356D-462A-A059-0B64800998DE}.AppStore|iPhoneSimulator.Deploy.0 = Release|Any CPU
		{06CDE5A5-356D-462A-A059-0B64800998DE}.AppStore|x64.ActiveCfg = Release|Any CPU
		{06CDE5A5-356D-462A-A059-0B64800998DE}.AppStore|x64.Build.0 = Release|Any CPU
		{06CDE5A5-356D-462A-A059-0B64800998DE}.AppStore|x64.Deploy.0 = Release|Any CPU
		{06CDE5A5-356D-462A-A059-0B64800998DE}.AppStore|x86.ActiveCfg = Release|Any CPU
		{06CDE5A5-356D-462A-A059-0B64800998DE}.AppStore|x86.Build.0 = Release|Any CPU
		{06CDE5A5-356D-462A-A059-0B64800998DE}.AppStore|x86.Deploy.0 = Release|Any CPU
		{06CDE5A5-356D-462A-A059-0B64800998DE}.Debug|Any CPU.ActiveCfg = Debug|Any CPU
		{06CDE5A5-356D-462A-A059-0B64800998DE}.Debug|Any CPU.Build.0 = Debug|Any CPU
		{06CDE5A5-356D-462A-A059-0B64800998DE}.Debug|Any CPU.Deploy.0 = Debug|Any CPU
		{06CDE5A5-356D-462A-A059-0B64800998DE}.Debug|ARM.ActiveCfg = Debug|Any CPU
		{06CDE5A5-356D-462A-A059-0B64800998DE}.Debug|ARM.Build.0 = Debug|Any CPU
		{06CDE5A5-356D-462A-A059-0B64800998DE}.Debug|ARM.Deploy.0 = Debug|Any CPU
		{06CDE5A5-356D-462A-A059-0B64800998DE}.Debug|iPhone.ActiveCfg = Debug|Any CPU
		{06CDE5A5-356D-462A-A059-0B64800998DE}.Debug|iPhone.Build.0 = Debug|Any CPU
		{06CDE5A5-356D-462A-A059-0B64800998DE}.Debug|iPhone.Deploy.0 = Debug|Any CPU
		{06CDE5A5-356D-462A-A059-0B64800998DE}.Debug|iPhoneSimulator.ActiveCfg = Debug|Any CPU
		{06CDE5A5-356D-462A-A059-0B64800998DE}.Debug|iPhoneSimulator.Build.0 = Debug|Any CPU
		{06CDE5A5-356D-462A-A059-0B64800998DE}.Debug|iPhoneSimulator.Deploy.0 = Debug|Any CPU
		{06CDE5A5-356D-462A-A059-0B64800998DE}.Debug|x64.ActiveCfg = Debug|Any CPU
		{06CDE5A5-356D-462A-A059-0B64800998DE}.Debug|x64.Build.0 = Debug|Any CPU
		{06CDE5A5-356D-462A-A059-0B64800998DE}.Debug|x64.Deploy.0 = Debug|Any CPU
		{06CDE5A5-356D-462A-A059-0B64800998DE}.Debug|x86.ActiveCfg = Debug|Any CPU
		{06CDE5A5-356D-462A-A059-0B64800998DE}.Debug|x86.Build.0 = Debug|Any CPU
		{06CDE5A5-356D-462A-A059-0B64800998DE}.Debug|x86.Deploy.0 = Debug|Any CPU
		{06CDE5A5-356D-462A-A059-0B64800998DE}.Release|Any CPU.ActiveCfg = Release|Any CPU
		{06CDE5A5-356D-462A-A059-0B64800998DE}.Release|Any CPU.Build.0 = Release|Any CPU
		{06CDE5A5-356D-462A-A059-0B64800998DE}.Release|Any CPU.Deploy.0 = Release|Any CPU
		{06CDE5A5-356D-462A-A059-0B64800998DE}.Release|ARM.ActiveCfg = Release|Any CPU
		{06CDE5A5-356D-462A-A059-0B64800998DE}.Release|ARM.Build.0 = Release|Any CPU
		{06CDE5A5-356D-462A-A059-0B64800998DE}.Release|ARM.Deploy.0 = Release|Any CPU
		{06CDE5A5-356D-462A-A059-0B64800998DE}.Release|iPhone.ActiveCfg = Release|Any CPU
		{06CDE5A5-356D-462A-A059-0B64800998DE}.Release|iPhone.Build.0 = Release|Any CPU
		{06CDE5A5-356D-462A-A059-0B64800998DE}.Release|iPhone.Deploy.0 = Release|Any CPU
		{06CDE5A5-356D-462A-A059-0B64800998DE}.Release|iPhoneSimulator.ActiveCfg = Release|Any CPU
		{06CDE5A5-356D-462A-A059-0B64800998DE}.Release|iPhoneSimulator.Build.0 = Release|Any CPU
		{06CDE5A5-356D-462A-A059-0B64800998DE}.Release|iPhoneSimulator.Deploy.0 = Release|Any CPU
		{06CDE5A5-356D-462A-A059-0B64800998DE}.Release|x64.ActiveCfg = Release|Any CPU
		{06CDE5A5-356D-462A-A059-0B64800998DE}.Release|x64.Build.0 = Release|Any CPU
		{06CDE5A5-356D-462A-A059-0B64800998DE}.Release|x64.Deploy.0 = Release|Any CPU
		{06CDE5A5-356D-462A-A059-0B64800998DE}.Release|x86.ActiveCfg = Release|Any CPU
		{06CDE5A5-356D-462A-A059-0B64800998DE}.Release|x86.Build.0 = Release|Any CPU
		{06CDE5A5-356D-462A-A059-0B64800998DE}.Release|x86.Deploy.0 = Release|Any CPU
		{99BE792A-2AA9-4259-8839-94BCBCFCD3CA}.Ad-Hoc|Any CPU.ActiveCfg = Release|Any CPU
		{99BE792A-2AA9-4259-8839-94BCBCFCD3CA}.Ad-Hoc|Any CPU.Build.0 = Release|Any CPU
		{99BE792A-2AA9-4259-8839-94BCBCFCD3CA}.Ad-Hoc|ARM.ActiveCfg = Release|Any CPU
		{99BE792A-2AA9-4259-8839-94BCBCFCD3CA}.Ad-Hoc|ARM.Build.0 = Release|Any CPU
		{99BE792A-2AA9-4259-8839-94BCBCFCD3CA}.Ad-Hoc|iPhone.ActiveCfg = Release|Any CPU
		{99BE792A-2AA9-4259-8839-94BCBCFCD3CA}.Ad-Hoc|iPhone.Build.0 = Release|Any CPU
		{99BE792A-2AA9-4259-8839-94BCBCFCD3CA}.Ad-Hoc|iPhoneSimulator.ActiveCfg = Release|Any CPU
		{99BE792A-2AA9-4259-8839-94BCBCFCD3CA}.Ad-Hoc|iPhoneSimulator.Build.0 = Release|Any CPU
		{99BE792A-2AA9-4259-8839-94BCBCFCD3CA}.Ad-Hoc|x64.ActiveCfg = Release|Any CPU
		{99BE792A-2AA9-4259-8839-94BCBCFCD3CA}.Ad-Hoc|x64.Build.0 = Release|Any CPU
		{99BE792A-2AA9-4259-8839-94BCBCFCD3CA}.Ad-Hoc|x86.ActiveCfg = Release|Any CPU
		{99BE792A-2AA9-4259-8839-94BCBCFCD3CA}.Ad-Hoc|x86.Build.0 = Release|Any CPU
		{99BE792A-2AA9-4259-8839-94BCBCFCD3CA}.AppStore|Any CPU.ActiveCfg = Release|Any CPU
		{99BE792A-2AA9-4259-8839-94BCBCFCD3CA}.AppStore|Any CPU.Build.0 = Release|Any CPU
		{99BE792A-2AA9-4259-8839-94BCBCFCD3CA}.AppStore|ARM.ActiveCfg = Release|Any CPU
		{99BE792A-2AA9-4259-8839-94BCBCFCD3CA}.AppStore|ARM.Build.0 = Release|Any CPU
		{99BE792A-2AA9-4259-8839-94BCBCFCD3CA}.AppStore|iPhone.ActiveCfg = Release|Any CPU
		{99BE792A-2AA9-4259-8839-94BCBCFCD3CA}.AppStore|iPhone.Build.0 = Release|Any CPU
		{99BE792A-2AA9-4259-8839-94BCBCFCD3CA}.AppStore|iPhoneSimulator.ActiveCfg = Release|Any CPU
		{99BE792A-2AA9-4259-8839-94BCBCFCD3CA}.AppStore|iPhoneSimulator.Build.0 = Release|Any CPU
		{99BE792A-2AA9-4259-8839-94BCBCFCD3CA}.AppStore|x64.ActiveCfg = Release|Any CPU
		{99BE792A-2AA9-4259-8839-94BCBCFCD3CA}.AppStore|x64.Build.0 = Release|Any CPU
		{99BE792A-2AA9-4259-8839-94BCBCFCD3CA}.AppStore|x86.ActiveCfg = Release|Any CPU
		{99BE792A-2AA9-4259-8839-94BCBCFCD3CA}.AppStore|x86.Build.0 = Release|Any CPU
		{99BE792A-2AA9-4259-8839-94BCBCFCD3CA}.Debug|Any CPU.ActiveCfg = Debug|Any CPU
		{99BE792A-2AA9-4259-8839-94BCBCFCD3CA}.Debug|Any CPU.Build.0 = Debug|Any CPU
		{99BE792A-2AA9-4259-8839-94BCBCFCD3CA}.Debug|ARM.ActiveCfg = Debug|Any CPU
		{99BE792A-2AA9-4259-8839-94BCBCFCD3CA}.Debug|ARM.Build.0 = Debug|Any CPU
		{99BE792A-2AA9-4259-8839-94BCBCFCD3CA}.Debug|iPhone.ActiveCfg = Debug|Any CPU
		{99BE792A-2AA9-4259-8839-94BCBCFCD3CA}.Debug|iPhone.Build.0 = Debug|Any CPU
		{99BE792A-2AA9-4259-8839-94BCBCFCD3CA}.Debug|iPhoneSimulator.ActiveCfg = Debug|Any CPU
		{99BE792A-2AA9-4259-8839-94BCBCFCD3CA}.Debug|iPhoneSimulator.Build.0 = Debug|Any CPU
		{99BE792A-2AA9-4259-8839-94BCBCFCD3CA}.Debug|x64.ActiveCfg = Debug|Any CPU
		{99BE792A-2AA9-4259-8839-94BCBCFCD3CA}.Debug|x64.Build.0 = Debug|Any CPU
		{99BE792A-2AA9-4259-8839-94BCBCFCD3CA}.Debug|x86.ActiveCfg = Debug|Any CPU
		{99BE792A-2AA9-4259-8839-94BCBCFCD3CA}.Debug|x86.Build.0 = Debug|Any CPU
		{99BE792A-2AA9-4259-8839-94BCBCFCD3CA}.Release|Any CPU.ActiveCfg = Release|Any CPU
		{99BE792A-2AA9-4259-8839-94BCBCFCD3CA}.Release|Any CPU.Build.0 = Release|Any CPU
		{99BE792A-2AA9-4259-8839-94BCBCFCD3CA}.Release|ARM.ActiveCfg = Release|Any CPU
		{99BE792A-2AA9-4259-8839-94BCBCFCD3CA}.Release|ARM.Build.0 = Release|Any CPU
		{99BE792A-2AA9-4259-8839-94BCBCFCD3CA}.Release|iPhone.ActiveCfg = Release|Any CPU
		{99BE792A-2AA9-4259-8839-94BCBCFCD3CA}.Release|iPhone.Build.0 = Release|Any CPU
		{99BE792A-2AA9-4259-8839-94BCBCFCD3CA}.Release|iPhoneSimulator.ActiveCfg = Release|Any CPU
		{99BE792A-2AA9-4259-8839-94BCBCFCD3CA}.Release|iPhoneSimulator.Build.0 = Release|Any CPU
		{99BE792A-2AA9-4259-8839-94BCBCFCD3CA}.Release|x64.ActiveCfg = Release|Any CPU
		{99BE792A-2AA9-4259-8839-94BCBCFCD3CA}.Release|x64.Build.0 = Release|Any CPU
		{99BE792A-2AA9-4259-8839-94BCBCFCD3CA}.Release|x86.ActiveCfg = Release|Any CPU
		{99BE792A-2AA9-4259-8839-94BCBCFCD3CA}.Release|x86.Build.0 = Release|Any CPU
		{EB4138D2-0D8B-4289-9EF8-67A9567CDAD3}.Ad-Hoc|Any CPU.ActiveCfg = Release|x86
		{EB4138D2-0D8B-4289-9EF8-67A9567CDAD3}.Ad-Hoc|Any CPU.Build.0 = Release|x86
		{EB4138D2-0D8B-4289-9EF8-67A9567CDAD3}.Ad-Hoc|Any CPU.Deploy.0 = Release|x86
		{EB4138D2-0D8B-4289-9EF8-67A9567CDAD3}.Ad-Hoc|ARM.ActiveCfg = Release|ARM
		{EB4138D2-0D8B-4289-9EF8-67A9567CDAD3}.Ad-Hoc|ARM.Build.0 = Release|ARM
		{EB4138D2-0D8B-4289-9EF8-67A9567CDAD3}.Ad-Hoc|ARM.Deploy.0 = Release|ARM
		{EB4138D2-0D8B-4289-9EF8-67A9567CDAD3}.Ad-Hoc|iPhone.ActiveCfg = Release|x86
		{EB4138D2-0D8B-4289-9EF8-67A9567CDAD3}.Ad-Hoc|iPhone.Build.0 = Release|x86
		{EB4138D2-0D8B-4289-9EF8-67A9567CDAD3}.Ad-Hoc|iPhone.Deploy.0 = Release|x86
		{EB4138D2-0D8B-4289-9EF8-67A9567CDAD3}.Ad-Hoc|iPhoneSimulator.ActiveCfg = Release|x86
		{EB4138D2-0D8B-4289-9EF8-67A9567CDAD3}.Ad-Hoc|iPhoneSimulator.Build.0 = Release|x86
		{EB4138D2-0D8B-4289-9EF8-67A9567CDAD3}.Ad-Hoc|iPhoneSimulator.Deploy.0 = Release|x86
		{EB4138D2-0D8B-4289-9EF8-67A9567CDAD3}.Ad-Hoc|x64.ActiveCfg = Release|x64
		{EB4138D2-0D8B-4289-9EF8-67A9567CDAD3}.Ad-Hoc|x64.Build.0 = Release|x64
		{EB4138D2-0D8B-4289-9EF8-67A9567CDAD3}.Ad-Hoc|x64.Deploy.0 = Release|x64
		{EB4138D2-0D8B-4289-9EF8-67A9567CDAD3}.Ad-Hoc|x86.ActiveCfg = Release|x86
		{EB4138D2-0D8B-4289-9EF8-67A9567CDAD3}.Ad-Hoc|x86.Build.0 = Release|x86
		{EB4138D2-0D8B-4289-9EF8-67A9567CDAD3}.Ad-Hoc|x86.Deploy.0 = Release|x86
		{EB4138D2-0D8B-4289-9EF8-67A9567CDAD3}.AppStore|Any CPU.ActiveCfg = Release|x86
		{EB4138D2-0D8B-4289-9EF8-67A9567CDAD3}.AppStore|Any CPU.Build.0 = Release|x86
		{EB4138D2-0D8B-4289-9EF8-67A9567CDAD3}.AppStore|Any CPU.Deploy.0 = Release|x86
		{EB4138D2-0D8B-4289-9EF8-67A9567CDAD3}.AppStore|ARM.ActiveCfg = Release|ARM
		{EB4138D2-0D8B-4289-9EF8-67A9567CDAD3}.AppStore|ARM.Build.0 = Release|ARM
		{EB4138D2-0D8B-4289-9EF8-67A9567CDAD3}.AppStore|ARM.Deploy.0 = Release|ARM
		{EB4138D2-0D8B-4289-9EF8-67A9567CDAD3}.AppStore|iPhone.ActiveCfg = Release|x86
		{EB4138D2-0D8B-4289-9EF8-67A9567CDAD3}.AppStore|iPhone.Build.0 = Release|x86
		{EB4138D2-0D8B-4289-9EF8-67A9567CDAD3}.AppStore|iPhone.Deploy.0 = Release|x86
		{EB4138D2-0D8B-4289-9EF8-67A9567CDAD3}.AppStore|iPhoneSimulator.ActiveCfg = Release|x86
		{EB4138D2-0D8B-4289-9EF8-67A9567CDAD3}.AppStore|iPhoneSimulator.Build.0 = Release|x86
		{EB4138D2-0D8B-4289-9EF8-67A9567CDAD3}.AppStore|iPhoneSimulator.Deploy.0 = Release|x86
		{EB4138D2-0D8B-4289-9EF8-67A9567CDAD3}.AppStore|x64.ActiveCfg = Release|x64
		{EB4138D2-0D8B-4289-9EF8-67A9567CDAD3}.AppStore|x64.Build.0 = Release|x64
		{EB4138D2-0D8B-4289-9EF8-67A9567CDAD3}.AppStore|x64.Deploy.0 = Release|x64
		{EB4138D2-0D8B-4289-9EF8-67A9567CDAD3}.AppStore|x86.ActiveCfg = Release|x86
		{EB4138D2-0D8B-4289-9EF8-67A9567CDAD3}.AppStore|x86.Build.0 = Release|x86
		{EB4138D2-0D8B-4289-9EF8-67A9567CDAD3}.AppStore|x86.Deploy.0 = Release|x86
		{EB4138D2-0D8B-4289-9EF8-67A9567CDAD3}.Debug|Any CPU.ActiveCfg = Debug|x86
		{EB4138D2-0D8B-4289-9EF8-67A9567CDAD3}.Debug|ARM.ActiveCfg = Debug|ARM
		{EB4138D2-0D8B-4289-9EF8-67A9567CDAD3}.Debug|ARM.Build.0 = Debug|ARM
		{EB4138D2-0D8B-4289-9EF8-67A9567CDAD3}.Debug|ARM.Deploy.0 = Debug|ARM
		{EB4138D2-0D8B-4289-9EF8-67A9567CDAD3}.Debug|iPhone.ActiveCfg = Debug|x86
		{EB4138D2-0D8B-4289-9EF8-67A9567CDAD3}.Debug|iPhoneSimulator.ActiveCfg = Debug|x86
		{EB4138D2-0D8B-4289-9EF8-67A9567CDAD3}.Debug|x64.ActiveCfg = Debug|x64
		{EB4138D2-0D8B-4289-9EF8-67A9567CDAD3}.Debug|x64.Build.0 = Debug|x64
		{EB4138D2-0D8B-4289-9EF8-67A9567CDAD3}.Debug|x64.Deploy.0 = Debug|x64
		{EB4138D2-0D8B-4289-9EF8-67A9567CDAD3}.Debug|x86.ActiveCfg = Debug|x86
		{EB4138D2-0D8B-4289-9EF8-67A9567CDAD3}.Debug|x86.Build.0 = Debug|x86
		{EB4138D2-0D8B-4289-9EF8-67A9567CDAD3}.Debug|x86.Deploy.0 = Debug|x86
		{EB4138D2-0D8B-4289-9EF8-67A9567CDAD3}.Release|Any CPU.ActiveCfg = Release|x86
		{EB4138D2-0D8B-4289-9EF8-67A9567CDAD3}.Release|ARM.ActiveCfg = Release|ARM
		{EB4138D2-0D8B-4289-9EF8-67A9567CDAD3}.Release|ARM.Build.0 = Release|ARM
		{EB4138D2-0D8B-4289-9EF8-67A9567CDAD3}.Release|ARM.Deploy.0 = Release|ARM
		{EB4138D2-0D8B-4289-9EF8-67A9567CDAD3}.Release|iPhone.ActiveCfg = Release|x86
		{EB4138D2-0D8B-4289-9EF8-67A9567CDAD3}.Release|iPhoneSimulator.ActiveCfg = Release|x86
		{EB4138D2-0D8B-4289-9EF8-67A9567CDAD3}.Release|x64.ActiveCfg = Release|x64
		{EB4138D2-0D8B-4289-9EF8-67A9567CDAD3}.Release|x64.Build.0 = Release|x64
		{EB4138D2-0D8B-4289-9EF8-67A9567CDAD3}.Release|x64.Deploy.0 = Release|x64
		{EB4138D2-0D8B-4289-9EF8-67A9567CDAD3}.Release|x86.ActiveCfg = Release|x86
		{EB4138D2-0D8B-4289-9EF8-67A9567CDAD3}.Release|x86.Build.0 = Release|x86
		{EB4138D2-0D8B-4289-9EF8-67A9567CDAD3}.Release|x86.Deploy.0 = Release|x86
		{28D39EC7-1400-4A72-80EE-FCCD04F42C80}.Ad-Hoc|Any CPU.ActiveCfg = Ad-Hoc|iPhone
		{28D39EC7-1400-4A72-80EE-FCCD04F42C80}.Ad-Hoc|ARM.ActiveCfg = Ad-Hoc|iPhone
		{28D39EC7-1400-4A72-80EE-FCCD04F42C80}.Ad-Hoc|iPhone.ActiveCfg = Ad-Hoc|iPhone
		{28D39EC7-1400-4A72-80EE-FCCD04F42C80}.Ad-Hoc|iPhone.Build.0 = Ad-Hoc|iPhone
		{28D39EC7-1400-4A72-80EE-FCCD04F42C80}.Ad-Hoc|iPhoneSimulator.ActiveCfg = Ad-Hoc|iPhoneSimulator
		{28D39EC7-1400-4A72-80EE-FCCD04F42C80}.Ad-Hoc|iPhoneSimulator.Build.0 = Ad-Hoc|iPhoneSimulator
		{28D39EC7-1400-4A72-80EE-FCCD04F42C80}.Ad-Hoc|x64.ActiveCfg = Ad-Hoc|iPhone
		{28D39EC7-1400-4A72-80EE-FCCD04F42C80}.Ad-Hoc|x86.ActiveCfg = Ad-Hoc|iPhone
		{28D39EC7-1400-4A72-80EE-FCCD04F42C80}.AppStore|Any CPU.ActiveCfg = AppStore|iPhone
		{28D39EC7-1400-4A72-80EE-FCCD04F42C80}.AppStore|ARM.ActiveCfg = AppStore|iPhone
		{28D39EC7-1400-4A72-80EE-FCCD04F42C80}.AppStore|iPhone.ActiveCfg = AppStore|iPhone
		{28D39EC7-1400-4A72-80EE-FCCD04F42C80}.AppStore|iPhone.Build.0 = AppStore|iPhone
		{28D39EC7-1400-4A72-80EE-FCCD04F42C80}.AppStore|iPhoneSimulator.ActiveCfg = AppStore|iPhoneSimulator
		{28D39EC7-1400-4A72-80EE-FCCD04F42C80}.AppStore|iPhoneSimulator.Build.0 = AppStore|iPhoneSimulator
		{28D39EC7-1400-4A72-80EE-FCCD04F42C80}.AppStore|x64.ActiveCfg = AppStore|iPhone
		{28D39EC7-1400-4A72-80EE-FCCD04F42C80}.AppStore|x86.ActiveCfg = AppStore|iPhone
		{28D39EC7-1400-4A72-80EE-FCCD04F42C80}.Debug|Any CPU.ActiveCfg = Debug|iPhone
		{28D39EC7-1400-4A72-80EE-FCCD04F42C80}.Debug|ARM.ActiveCfg = Debug|iPhone
		{28D39EC7-1400-4A72-80EE-FCCD04F42C80}.Debug|iPhone.ActiveCfg = Debug|iPhone
		{28D39EC7-1400-4A72-80EE-FCCD04F42C80}.Debug|iPhone.Build.0 = Debug|iPhone
		{28D39EC7-1400-4A72-80EE-FCCD04F42C80}.Debug|iPhoneSimulator.ActiveCfg = Debug|iPhoneSimulator
		{28D39EC7-1400-4A72-80EE-FCCD04F42C80}.Debug|iPhoneSimulator.Build.0 = Debug|iPhoneSimulator
		{28D39EC7-1400-4A72-80EE-FCCD04F42C80}.Debug|x64.ActiveCfg = Debug|iPhone
		{28D39EC7-1400-4A72-80EE-FCCD04F42C80}.Debug|x86.ActiveCfg = Debug|iPhone
		{28D39EC7-1400-4A72-80EE-FCCD04F42C80}.Release|Any CPU.ActiveCfg = Release|iPhone
		{28D39EC7-1400-4A72-80EE-FCCD04F42C80}.Release|ARM.ActiveCfg = Release|iPhone
		{28D39EC7-1400-4A72-80EE-FCCD04F42C80}.Release|iPhone.ActiveCfg = Release|iPhone
		{28D39EC7-1400-4A72-80EE-FCCD04F42C80}.Release|iPhone.Build.0 = Release|iPhone
		{28D39EC7-1400-4A72-80EE-FCCD04F42C80}.Release|iPhoneSimulator.ActiveCfg = Release|iPhoneSimulator
		{28D39EC7-1400-4A72-80EE-FCCD04F42C80}.Release|iPhoneSimulator.Build.0 = Release|iPhoneSimulator
		{28D39EC7-1400-4A72-80EE-FCCD04F42C80}.Release|x64.ActiveCfg = Release|iPhone
		{28D39EC7-1400-4A72-80EE-FCCD04F42C80}.Release|x86.ActiveCfg = Release|iPhone
	EndGlobalSection
	GlobalSection(SolutionProperties) = preSolution
		HideSolutionNode = FALSE
	EndGlobalSection
EndGlobal
